
Microsoft Visual Studio Solution File, Format Version 12.00
# Visual Studio 14
VisualStudioVersion = 14.0.25420.1
MinimumVisualStudioVersion = 10.0.40219.1
Project("{FAE04EC0-301F-11D3-BF4B-00C04F79EFBC}") = "WebDeveloper", "WebDeveloper\WebDeveloper.csproj", "{A116F29E-163C-4C0D-9296-55985F2BE3C4}"
EndProject
Project("{FAE04EC0-301F-11D3-BF4B-00C04F79EFBC}") = "WebDeveloper.Model", "WebDeveloper.Model\WebDeveloper.Model.csproj", "{5F2A98EB-5092-4F45-ABA0-7FC2463A3756}"
EndProject
Project("{FAE04EC0-301F-11D3-BF4B-00C04F79EFBC}") = "WebDeveloper.Repository", "WebDeveloper.Repository\WebDeveloper.Repository.csproj", "{EA0286A6-669E-4880-84F1-FD060CBF617E}"
EndProject
Global
	GlobalSection(SolutionConfigurationPlatforms) = preSolution
		Debug|Any CPU = Debug|Any CPU
		Release|Any CPU = Release|Any CPU
	EndGlobalSection
	GlobalSection(ProjectConfigurationPlatforms) = postSolution
		{A116F29E-163C-4C0D-9296-55985F2BE3C4}.Debug|Any CPU.ActiveCfg = Debug|Any CPU
		{A116F29E-163C-4C0D-9296-55985F2BE3C4}.Debug|Any CPU.Build.0 = Debug|Any CPU
		{A116F29E-163C-4C0D-9296-55985F2BE3C4}.Release|Any CPU.ActiveCfg = Release|Any CPU
		{A116F29E-163C-4C0D-9296-55985F2BE3C4}.Release|Any CPU.Build.0 = Release|Any CPU
		{5F2A98EB-5092-4F45-ABA0-7FC2463A3756}.Debug|Any CPU.ActiveCfg = Debug|Any CPU
		{5F2A98EB-5092-4F45-ABA0-7FC2463A3756}.Debug|Any CPU.Build.0 = Debug|Any CPU
		{5F2A98EB-5092-4F45-ABA0-7FC2463A3756}.Release|Any CPU.ActiveCfg = Release|Any CPU
		{5F2A98EB-5092-4F45-ABA0-7FC2463A3756}.Release|Any CPU.Build.0 = Release|Any CPU
		{EA0286A6-669E-4880-84F1-FD060CBF617E}.Debug|Any CPU.ActiveCfg = Debug|Any CPU
		{EA0286A6-669E-4880-84F1-FD060CBF617E}.Debug|Any CPU.Build.0 = Debug|Any CPU
		{EA0286A6-669E-4880-84F1-FD060CBF617E}.Release|Any CPU.ActiveCfg = Release|Any CPU
		{EA0286A6-669E-4880-84F1-FD060CBF617E}.Release|Any CPU.Build.0 = Release|Any CPU
	EndGlobalSection
	GlobalSection(SolutionProperties) = preSolution
		HideSolutionNode = FALSE
	EndGlobalSection
EndGlobal
